
Microsoft Visual Studio Solution File, Format Version 12.00
# Visual Studio Version 16
VisualStudioVersion = 16.0.31729.503
MinimumVisualStudioVersion = 10.0.40219.1
Project("{FAE04EC0-301F-11D3-BF4B-00C04F79EFBC}") = "TweakUIX", "TUIX\TweakUIX.csproj", "{893CDC21-F2EE-40D5-B23B-D1038D4C9B72}"
EndProject
Global
	GlobalSection(SolutionConfigurationPlatforms) = preSolution
		Debug|Any CPU = Debug|Any CPU
		Release|Any CPU = Release|Any CPU
	EndGlobalSection
	GlobalSection(ProjectConfigurationPlatforms) = postSolution
		{893CDC21-F2EE-40D5-B23B-D1038D4C9B72}.Debug|Any CPU.ActiveCfg = Debug|Any CPU
		{893CDC21-F2EE-40D5-B23B-D1038D4C9B72}.Debug|Any CPU.Build.0 = Debug|Any CPU
		{893CDC21-F2EE-40D5-B23B-D1038D4C9B72}.Release|Any CPU.ActiveCfg = Release|Any CPU
		{893CDC21-F2EE-40D5-B23B-D1038D4C9B72}.Release|Any CPU.Build.0 = Release|Any CPU
	EndGlobalSection
	GlobalSection(SolutionProperties) = preSolution
		HideSolutionNode = FALSE
	EndGlobalSection
	GlobalSection(ExtensibilityGlobals) = postSolution
		SolutionGuid = {9A983084-65BB-446E-BEB1-493E338FF9E0}
	EndGlobalSection
EndGlobal
